
Microsoft Visual Studio Solution File, Format Version 12.00
# Visual Studio Version 16
VisualStudioVersion = 16.0.31613.86
MinimumVisualStudioVersion = 10.0.40219.1
Project("{9A19103F-16F7-4668-BE54-9A1E7A4F7556}") = "RSystem", "Console_CRUD\RSystem.csproj", "{13327DE6-6B12-4BBD-9AE2-09A90A0CA49E}"
EndProject
Project("{9A19103F-16F7-4668-BE54-9A1E7A4F7556}") = "Dal", "DAL\Dal.csproj", "{316A88CD-22E2-4B7B-B316-BF27872B83EE}"
EndProject
Global
	GlobalSection(SolutionConfigurationPlatforms) = preSolution
		Debug|Any CPU = Debug|Any CPU
		Release|Any CPU = Release|Any CPU
	EndGlobalSection
	GlobalSection(ProjectConfigurationPlatforms) = postSolution
		{13327DE6-6B12-4BBD-9AE2-09A90A0CA49E}.Debug|Any CPU.ActiveCfg = Debug|Any CPU
		{13327DE6-6B12-4BBD-9AE2-09A90A0CA49E}.Debug|Any CPU.Build.0 = Debug|Any CPU
		{13327DE6-6B12-4BBD-9AE2-09A90A0CA49E}.Release|Any CPU.ActiveCfg = Release|Any CPU
		{13327DE6-6B12-4BBD-9AE2-09A90A0CA49E}.Release|Any CPU.Build.0 = Release|Any CPU
		{316A88CD-22E2-4B7B-B316-BF27872B83EE}.Debug|Any CPU.ActiveCfg = Debug|Any CPU
		{316A88CD-22E2-4B7B-B316-BF27872B83EE}.Debug|Any CPU.Build.0 = Debug|Any CPU
		{316A88CD-22E2-4B7B-B316-BF27872B83EE}.Release|Any CPU.ActiveCfg = Release|Any CPU
		{316A88CD-22E2-4B7B-B316-BF27872B83EE}.Release|Any CPU.Build.0 = Release|Any CPU
	EndGlobalSection
	GlobalSection(SolutionProperties) = preSolution
		HideSolutionNode = FALSE
	EndGlobalSection
	GlobalSection(ExtensibilityGlobals) = postSolution
		SolutionGuid = {6752A206-21EA-492C-A301-F24D8E7D2568}
	EndGlobalSection
EndGlobal
